
Microsoft Visual Studio Solution File, Format Version 12.00
# Visual Studio Version 16
VisualStudioVersion = 16.0.29806.167
MinimumVisualStudioVersion = 10.0.40219.1
Project("{FAE04EC0-301F-11D3-BF4B-00C04F79EFBC}") = "SWT_ladeskab", "SWT_ladeskab\SWT_ladeskab.csproj", "{24D49E04-1EA2-47FC-B2C9-6AEA4B5F717B}"
EndProject
Global
	GlobalSection(SolutionConfigurationPlatforms) = preSolution
		Debug|Any CPU = Debug|Any CPU
		Release|Any CPU = Release|Any CPU
	EndGlobalSection
	GlobalSection(ProjectConfigurationPlatforms) = postSolution
		{24D49E04-1EA2-47FC-B2C9-6AEA4B5F717B}.Debug|Any CPU.ActiveCfg = Debug|Any CPU
		{24D49E04-1EA2-47FC-B2C9-6AEA4B5F717B}.Debug|Any CPU.Build.0 = Debug|Any CPU
		{24D49E04-1EA2-47FC-B2C9-6AEA4B5F717B}.Release|Any CPU.ActiveCfg = Release|Any CPU
		{24D49E04-1EA2-47FC-B2C9-6AEA4B5F717B}.Release|Any CPU.Build.0 = Release|Any CPU
	EndGlobalSection
	GlobalSection(SolutionProperties) = preSolution
		HideSolutionNode = FALSE
	EndGlobalSection
	GlobalSection(ExtensibilityGlobals) = postSolution
		SolutionGuid = {1B4BAFC6-3438-4105-8683-DAD05F933F72}
	EndGlobalSection
EndGlobal
